<?xml version="1.0" encoding="utf-8"?>
<Project ToolsVersion="4.0" xmlns="http://schemas.microsoft.com/developer/msbuild/2003">
  <ItemGroup>
    <Filter Include="Source Files">
      <UniqueIdentifier>{91DABF90-E39C-41AE-B31C-DA243CB6DA5D}</UniqueIdentifier>
      <Extensions>cpp;c;cc;cxx;c++;cppm;ixx;def;odl;idl;hpj;bat;asm;asmx</Extensions>
    </Filter>
    <Filter Include="Header Files">
      <UniqueIdentifier>{CAD2B57E-C00F-4940-AE07-4DD50C349813}</UniqueIdentifier>
      <Extensions>h;hh;hpp;hxx;h++;hm;inl;inc;ipp;xsd</Extensions>
    </Filter>
    <Filter Include="Resource Files">
      <UniqueIdentifier>{9BA43F2B-E83C-47B6-A1AE-05A7E8083A43}</UniqueIdentifier>
      <Extensions>rc;ico;cur;bmp;dlg;rc2;rct;bin;rgs;gif;jpg;jpeg;jpe;resx;tiff;tif;png;wav;mfcribbon-ms</Extensions>
    </Filter>
  </ItemGroup>
  <ItemGroup>
    <ClInclude Include="API.h">
      <Filter>Header Files</Filter>
    </ClInclude>
    <ClInclude Include="HiddenDesktop.h">
      <Filter>Header Files</Filter>
    </ClInclude>
    <ClInclude Include="HVNC.h">
      <Filter>Header Files</Filter>
    </ClInclude>
    <ClInclude Include="json.h">
      <Filter>Header Files</Filter>
    </ClInclude>
    <ClInclude Include="Utils.h">
      <Filter>Header Files</Filter>
    </ClInclude>
    <ClInclude Include="App\antidbg.h">
      <Filter>Header Files</Filter>
    </ClInclude>
    <ClInclude Include="App\base64.h">
      <Filter>Header Files</Filter>
    </ClInclude>
    <ClInclude Include="App\Common.h">
      <Filter>Header Files</Filter>
    </ClInclude>
    <ClInclude Include="App\ControlWindow.h">
      <Filter>Header Files</Filter>
    </ClInclude>
    <ClInclude Include="App\json.hpp">
      <Filter>Header Files</Filter>
    </ClInclude>
    <ClInclude Include="App\rawClient.h">
      <Filter>Header Files</Filter>
    </ClInclude>
    <ClInclude Include="App\rawControllServer.h">
      <Filter>Header Files</Filter>
    </ClInclude>
    <ClInclude Include="App\rc4.h">
      <Filter>Header Files</Filter>
    </ClInclude>
    <ClInclude Include="App\Runpe.h">
      <Filter>Header Files</Filter>
    </ClInclude>
    <ClInclude Include="App\Server.h">
      <Filter>Header Files</Filter>
    </ClInclude>
  </ItemGroup>
  <ItemGroup>
    <ClCompile Include="hiddenDesktop.cpp">
      <Filter>Source Files</Filter>
    </ClCompile>
    <ClCompile Include="HVNCPoC.cpp">
      <Filter>Source Files</Filter>
    </ClCompile>
    <ClCompile Include="utils.cpp">
      <Filter>Source Files</Filter>
    </ClCompile>
    <ClCompile Include="App\ControlWindow.cpp">
      <Filter>Source Files</Filter>
    </ClCompile>
    <ClCompile Include="App\Main.cpp">
      <Filter>Source Files</Filter>
    </ClCompile>
    <ClCompile Include="App\Server.cpp">
      <Filter>Source Files</Filter>
    </ClCompile>
  </ItemGroup>
  <ItemGroup>
    <None Include="Server\Handle_Packet\HandleCPUMiner.cs" />
    <None Include="Server\Handle_Packet\HandleGPUMiner.cs" />
  </ItemGroup>
</Project>